
Microsoft Visual Studio Solution File, Format Version 12.00
# Visual Studio Version 17
VisualStudioVersion = 17.3.32929.385
MinimumVisualStudioVersion = 10.0.40219.1
Project("{FAE04EC0-301F-11D3-BF4B-00C04F79EFBC}") = "PostgreSql", "PostgreSql\PostgreSql.csproj", "{79DFAACB-0B05-4332-8E1D-93F283072AF1}"
EndProject
Global
	GlobalSection(SolutionConfigurationPlatforms) = preSolution
		Debug|Any CPU = Debug|Any CPU
		Release|Any CPU = Release|Any CPU
	EndGlobalSection
	GlobalSection(ProjectConfigurationPlatforms) = postSolution
		{79DFAACB-0B05-4332-8E1D-93F283072AF1}.Debug|Any CPU.ActiveCfg = Debug|Any CPU
		{79DFAACB-0B05-4332-8E1D-93F283072AF1}.Debug|Any CPU.Build.0 = Debug|Any CPU
		{79DFAACB-0B05-4332-8E1D-93F283072AF1}.Release|Any CPU.ActiveCfg = Release|Any CPU
		{79DFAACB-0B05-4332-8E1D-93F283072AF1}.Release|Any CPU.Build.0 = Release|Any CPU
	EndGlobalSection
	GlobalSection(SolutionProperties) = preSolution
		HideSolutionNode = FALSE
	EndGlobalSection
	GlobalSection(ExtensibilityGlobals) = postSolution
		SolutionGuid = {C50FFDD6-B1C1-4490-BDC6-1A177139CC24}
	EndGlobalSection
EndGlobal
